// !$*UTF8*$!
{
	archiveVersion = 1;
	classes = {
	};
	objectVersion = 46;
	objects = {

/* Begin PBXBuildFile section */
		1803746719DF5A47007A9347 /* Foundation.framework in Frameworks */ = {isa = PBXBuildFile; fileRef = 1803746619DF5A47007A9347 /* Foundation.framework */; };
		1803746919DF5A47007A9347 /* CoreGraphics.framework in Frameworks */ = {isa = PBXBuildFile; fileRef = 1803746819DF5A47007A9347 /* CoreGraphics.framework */; };
		1803746B19DF5A47007A9347 /* UIKit.framework in Frameworks */ = {isa = PBXBuildFile; fileRef = 1803746A19DF5A47007A9347 /* UIKit.framework */; };
		1803747119DF5A47007A9347 /* InfoPlist.strings in Resources */ = {isa = PBXBuildFile; fileRef = 1803746F19DF5A47007A9347 /* InfoPlist.strings */; };
		1803747319DF5A47007A9347 /* main.m in Sources */ = {isa = PBXBuildFile; fileRef = 1803747219DF5A47007A9347 /* main.m */; };
		1803747719DF5A47007A9347 /* AppDelegate.m in Sources */ = {isa = PBXBuildFile; fileRef = 1803747619DF5A47007A9347 /* AppDelegate.m */; };
		1803747919DF5A47007A9347 /* Images.xcassets in Resources */ = {isa = PBXBuildFile; fileRef = 1803747819DF5A47007A9347 /* Images.xcassets */; };
		1803748019DF5A47007A9347 /* XCTest.framework in Frameworks */ = {isa = PBXBuildFile; fileRef = 1803747F19DF5A47007A9347 /* XCTest.framework */; };
		1803748119DF5A47007A9347 /* Foundation.framework in Frameworks */ = {isa = PBXBuildFile; fileRef = 1803746619DF5A47007A9347 /* Foundation.framework */; };
		1803748219DF5A47007A9347 /* UIKit.framework in Frameworks */ = {isa = PBXBuildFile; fileRef = 1803746A19DF5A47007A9347 /* UIKit.framework */; };
		1803748A19DF5A47007A9347 /* InfoPlist.strings in Resources */ = {isa = PBXBuildFile; fileRef = 1803748819DF5A47007A9347 /* InfoPlist.strings */; };
		1803748C19DF5A47007A9347 /* FourthClassTests.m in Sources */ = {isa = PBXBuildFile; fileRef = 1803748B19DF5A47007A9347 /* FourthClassTests.m */; };
		1803749719DF5A9B007A9347 /* RootViewController.m in Sources */ = {isa = PBXBuildFile; fileRef = 1803749619DF5A9B007A9347 /* RootViewController.m */; };
		1803749A19DF5CA3007A9347 /* FirstViewController.m in Sources */ = {isa = PBXBuildFile; fileRef = 1803749919DF5CA3007A9347 /* FirstViewController.m */; };
		1803749D19DF5FDB007A9347 /* SecondViewController.m in Sources */ = {isa = PBXBuildFile; fileRef = 1803749C19DF5FDB007A9347 /* SecondViewController.m */; };
		180374A019DF6252007A9347 /* ThirdViewController.m in Sources */ = {isa = PBXBuildFile; fileRef = 1803749F19DF6252007A9347 /* ThirdViewController.m */; };
		7F21C7F119DF997500FE41F5 /* 1.png in Resources */ = {isa = PBXBuildFile; fileRef = 7F21C7F019DF997500FE41F5 /* 1.png */; };
		7F21C7F319DF9B9500FE41F5 /* 2.png in Resources */ = {isa = PBXBuildFile; fileRef = 7F21C7F219DF9B9500FE41F5 /* 2.png */; };
		7F21C7F519DF9CF600FE41F5 /* 3.png in Resources */ = {isa = PBXBuildFile; fileRef = 7F21C7F419DF9CF600FE41F5 /* 3.png */; };
/* End PBXBuildFile section */

/* Begin PBXContainerItemProxy section */
		1803748319DF5A47007A9347 /* PBXContainerItemProxy */ = {
			isa = PBXContainerItemProxy;
			containerPortal = 1803745B19DF5A47007A9347 /* Project object */;
			proxyType = 1;
			remoteGlobalIDString = 1803746219DF5A47007A9347;
			remoteInfo = FourthClass;
		};
/* End PBXContainerItemProxy section */

/* Begin PBXFileReference section */
		1803746319DF5A47007A9347 /* FourthClass.app */ = {isa = PBXFileReference; explicitFileType = wrapper.application; includeInIndex = 0; path = FourthClass.app; sourceTree = BUILT_PRODUCTS_DIR; };
		1803746619DF5A47007A9347 /* Foundation.framework */ = {isa = PBXFileReference; lastKnownFileType = wrapper.framework; name = Foundation.framework; path = System/Library/Frameworks/Foundation.framework; sourceTree = SDKROOT; };
		1803746819DF5A47007A9347 /* CoreGraphics.framework */ = {isa = PBXFileReference; lastKnownFileType = wrapper.framework; name = CoreGraphics.framework; path = System/Library/Frameworks/CoreGraphics.framework; sourceTree = SDKROOT; };
		1803746A19DF5A47007A9347 /* UIKit.framework */ = {isa = PBXFileReference; lastKnownFileType = wrapper.framework; name = UIKit.framework; path = System/Library/Frameworks/UIKit.framework; sourceTree = SDKROOT; };
		1803746E19DF5A47007A9347 /* FourthClass-Info.plist */ = {isa = PBXFileReference; lastKnownFileType = text.plist.xml; path = "FourthClass-Info.plist"; sourceTree = "<group>"; };
		1803747019DF5A47007A9347 /* en */ = {isa = PBXFileReference; lastKnownFileType = text.plist.strings; name = en; path = en.lproj/InfoPlist.strings; sourceTree = "<group>"; };
		1803747219DF5A47007A9347 /* main.m */ = {isa = PBXFileReference; lastKnownFileType = sourcecode.c.objc; path = main.m; sourceTree = "<group>"; };
		1803747419DF5A47007A9347 /* FourthClass-Prefix.pch */ = {isa = PBXFileReference; lastKnownFileType = sourcecode.c.h; path = "FourthClass-Prefix.pch"; sourceTree = "<group>"; };
		1803747519DF5A47007A9347 /* AppDelegate.h */ = {isa = PBXFileReference; lastKnownFileType = sourcecode.c.h; path = AppDelegate.h; sourceTree = "<group>"; };
		1803747619DF5A47007A9347 /* AppDelegate.m */ = {isa = PBXFileReference; lastKnownFileType = sourcecode.c.objc; path = AppDelegate.m; sourceTree = "<group>"; };
		1803747819DF5A47007A9347 /* Images.xcassets */ = {isa = PBXFileReference; lastKnownFileType = folder.assetcatalog; path = Images.xcassets; sourceTree = "<group>"; };
		1803747E19DF5A47007A9347 /* FourthClassTests.xctest */ = {isa = PBXFileReference; explicitFileType = wrapper.cfbundle; includeInIndex = 0; path = FourthClassTests.xctest; sourceTree = BUILT_PRODUCTS_DIR; };
		1803747F19DF5A47007A9347 /* XCTest.framework */ = {isa = PBXFileReference; lastKnownFileType = wrapper.framework; name = XCTest.framework; path = Library/Frameworks/XCTest.framework; sourceTree = DEVELOPER_DIR; };
		1803748719DF5A47007A9347 /* FourthClassTests-Info.plist */ = {isa = PBXFileReference; lastKnownFileType = text.plist.xml; path = "FourthClassTests-Info.plist"; sourceTree = "<group>"; };
		1803748919DF5A47007A9347 /* en */ = {isa = PBXFileReference; lastKnownFileType = text.plist.strings; name = en; path = en.lproj/InfoPlist.strings; sourceTree = "<group>"; };
		1803748B19DF5A47007A9347 /* FourthClassTests.m */ = {isa = PBXFileReference; lastKnownFileType = sourcecode.c.objc; path = FourthClassTests.m; sourceTree = "<group>"; };
		1803749519DF5A9B007A9347 /* RootViewController.h */ = {isa = PBXFileReference; fileEncoding = 4; lastKnownFileType = sourcecode.c.h; path = RootViewController.h; sourceTree = "<group>"; };
		1803749619DF5A9B007A9347 /* RootViewController.m */ = {isa = PBXFileReference; fileEncoding = 4; lastKnownFileType = sourcecode.c.objc; path = RootViewController.m; sourceTree = "<group>"; };
		1803749819DF5CA3007A9347 /* FirstViewController.h */ = {isa = PBXFileReference; fileEncoding = 4; lastKnownFileType = sourcecode.c.h; path = FirstViewController.h; sourceTree = "<group>"; };
		1803749919DF5CA3007A9347 /* FirstViewController.m */ = {isa = PBXFileReference; fileEncoding = 4; lastKnownFileType = sourcecode.c.objc; path = FirstViewController.m; sourceTree = "<group>"; };
		1803749B19DF5FDB007A9347 /* SecondViewController.h */ = {isa = PBXFileReference; fileEncoding = 4; lastKnownFileType = sourcecode.c.h; path = SecondViewController.h; sourceTree = "<group>"; };
		1803749C19DF5FDB007A9347 /* SecondViewController.m */ = {isa = PBXFileReference; fileEncoding = 4; lastKnownFileType = sourcecode.c.objc; path = SecondViewController.m; sourceTree = "<group>"; };
		1803749E19DF6252007A9347 /* ThirdViewController.h */ = {isa = PBXFileReference; fileEncoding = 4; lastKnownFileType = sourcecode.c.h; path = ThirdViewController.h; sourceTree = "<group>"; };
		1803749F19DF6252007A9347 /* ThirdViewController.m */ = {isa = PBXFileReference; fileEncoding = 4; lastKnownFileType = sourcecode.c.objc; path = ThirdViewController.m; sourceTree = "<group>"; };
		7F21C7F019DF997500FE41F5 /* 1.png */ = {isa = PBXFileReference; lastKnownFileType = image.png; path = 1.png; sourceTree = "<group>"; };
		7F21C7F219DF9B9500FE41F5 /* 2.png */ = {isa = PBXFileReference; lastKnownFileType = image.png; path = 2.png; sourceTree = "<group>"; };
		7F21C7F419DF9CF600FE41F5 /* 3.png */ = {isa = PBXFileReference; lastKnownFileType = image.png; path = 3.png; sourceTree = "<group>"; };
/* End PBXFileReference section */

/* Begin PBXFrameworksBuildPhase section */
		1803746019DF5A47007A9347 /* Frameworks */ = {
			isa = PBXFrameworksBuildPhase;
			buildActionMask = 2147483647;
			files = (
				1803746919DF5A47007A9347 /* CoreGraphics.framework in Frameworks */,
				1803746B19DF5A47007A9347 /* UIKit.framework in Frameworks */,
				1803746719DF5A47007A9347 /* Foundation.framework in Frameworks */,
			);
			runOnlyForDeploymentPostprocessing = 0;
		};
		1803747B19DF5A47007A9347 /* Frameworks */ = {
			isa = PBXFrameworksBuildPhase;
			buildActionMask = 2147483647;
			files = (
				1803748019DF5A47007A9347 /* XCTest.framework in Frameworks */,
				1803748219DF5A47007A9347 /* UIKit.framework in Frameworks */,
				1803748119DF5A47007A9347 /* Foundation.framework in Frameworks */,
			);
			runOnlyForDeploymentPostprocessing = 0;
		};
/* End PBXFrameworksBuildPhase section */

/* Begin PBXGroup section */
		1803745A19DF5A47007A9347 = {
			isa = PBXGroup;
			children = (
				1803746C19DF5A47007A9347 /* FourthClass */,
				1803748519DF5A47007A9347 /* FourthClassTests */,
				1803746519DF5A47007A9347 /* Frameworks */,
				1803746419DF5A47007A9347 /* Products */,
			);
			sourceTree = "<group>";
		};
		1803746419DF5A47007A9347 /* Products */ = {
			isa = PBXGroup;
			children = (
				1803746319DF5A47007A9347 /* FourthClass.app */,
				1803747E19DF5A47007A9347 /* FourthClassTests.xctest */,
			);
			name = Products;
			sourceTree = "<group>";
		};
		1803746519DF5A47007A9347 /* Frameworks */ = {
			isa = PBXGroup;
			children = (
				1803746619DF5A47007A9347 /* Foundation.framework */,
				1803746819DF5A47007A9347 /* CoreGraphics.framework */,
				1803746A19DF5A47007A9347 /* UIKit.framework */,
				1803747F19DF5A47007A9347 /* XCTest.framework */,
			);
			name = Frameworks;
			sourceTree = "<group>";
		};
		1803746C19DF5A47007A9347 /* FourthClass */ = {
			isa = PBXGroup;
			children = (
				7F21C7F019DF997500FE41F5 /* 1.png */,
				7F21C7F419DF9CF600FE41F5 /* 3.png */,
				7F21C7F219DF9B9500FE41F5 /* 2.png */,
				1803747519DF5A47007A9347 /* AppDelegate.h */,
				1803747619DF5A47007A9347 /* AppDelegate.m */,
				1803749519DF5A9B007A9347 /* RootViewController.h */,
				1803749619DF5A9B007A9347 /* RootViewController.m */,
				1803749819DF5CA3007A9347 /* FirstViewController.h */,
				1803749919DF5CA3007A9347 /* FirstViewController.m */,
				1803749B19DF5FDB007A9347 /* SecondViewController.h */,
				1803749C19DF5FDB007A9347 /* SecondViewController.m */,
				1803749E19DF6252007A9347 /* ThirdViewController.h */,
				1803749F19DF6252007A9347 /* ThirdViewController.m */,
				1803747819DF5A47007A9347 /* Images.xcassets */,
				1803746D19DF5A47007A9347 /* Supporting Files */,
			);
			path = FourthClass;
			sourceTree = "<group>";
		};
		1803746D19DF5A47007A9347 /* Supporting Files */ = {
			isa = PBXGroup;
			children = (
				1803746E19DF5A47007A9347 /* FourthClass-Info.plist */,
				1803746F19DF5A47007A9347 /* InfoPlist.strings */,
				1803747219DF5A47007A9347 /* main.m */,
				1803747419DF5A47007A9347 /* FourthClass-Prefix.pch */,
			);
			name = "Supporting Files";
			sourceTree = "<group>";
		};
		1803748519DF5A47007A9347 /* FourthClassTests */ = {
			isa = PBXGroup;
			children = (
				1803748B19DF5A47007A9347 /* FourthClassTests.m */,
				1803748619DF5A47007A9347 /* Supporting Files */,
			);
			path = FourthClassTests;
			sourceTree = "<group>";
		};
		1803748619DF5A47007A9347 /* Supporting Files */ = {
			isa = PBXGroup;
			children = (
				1803748719DF5A47007A9347 /* FourthClassTests-Info.plist */,
				1803748819DF5A47007A9347 /* InfoPlist.strings */,
			);
			name = "Supporting Files";
			sourceTree = "<group>";
		};
/* End PBXGroup section */

/* Begin PBXNativeTarget section */
		1803746219DF5A47007A9347 /* FourthClass */ = {
			isa = PBXNativeTarget;
			buildConfigurationList = 1803748F19DF5A47007A9347 /* Build configuration list for PBXNativeTarget "FourthClass" */;
			buildPhases = (
				1803745F19DF5A47007A9347 /* Sources */,
				1803746019DF5A47007A9347 /* Frameworks */,
				1803746119DF5A47007A9347 /* Resources */,
			);
			buildRules = (
			);
			dependencies = (
			);
			name = FourthClass;
			productName = FourthClass;
			productReference = 1803746319DF5A47007A9347 /* FourthClass.app */;
			productType = "com.apple.product-type.application";
		};
		1803747D19DF5A47007A9347 /* FourthClassTests */ = {
			isa = PBXNativeTarget;
			buildConfigurationList = 1803749219DF5A47007A9347 /* Build configuration list for PBXNativeTarget "FourthClassTests" */;
			buildPhases = (
				1803747A19DF5A47007A9347 /* Sources */,
				1803747B19DF5A47007A9347 /* Frameworks */,
				1803747C19DF5A47007A9347 /* Resources */,
			);
			buildRules = (
			);
			dependencies = (
				1803748419DF5A47007A9347 /* PBXTargetDependency */,
			);
			name = FourthClassTests;
			productName = FourthClassTests;
			productReference = 1803747E19DF5A47007A9347 /* FourthClassTests.xctest */;
			productType = "com.apple.product-type.bundle.unit-test";
		};
/* End PBXNativeTarget section */

/* Begin PBXProject section */
		1803745B19DF5A47007A9347 /* Project object */ = {
			isa = PBXProject;
			attributes = {
				LastUpgradeCheck = 0510;
				ORGANIZATIONNAME = Practice;
				TargetAttributes = {
					1803747D19DF5A47007A9347 = {
						TestTargetID = 1803746219DF5A47007A9347;
					};
				};
			};
			buildConfigurationList = 1803745E19DF5A47007A9347 /* Build configuration list for PBXProject "FourthClass" */;
			compatibilityVersion = "Xcode 3.2";
			developmentRegion = English;
			hasScannedForEncodings = 0;
			knownRegions = (
				en,
			);
			mainGroup = 1803745A19DF5A47007A9347;
			productRefGroup = 1803746419DF5A47007A9347 /* Products */;
			projectDirPath = "";
			projectRoot = "";
			targets = (
				1803746219DF5A47007A9347 /* FourthClass */,
				1803747D19DF5A47007A9347 /* FourthClassTests */,
			);
		};
/* End PBXProject section */

/* Begin PBXResourcesBuildPhase section */
		1803746119DF5A47007A9347 /* Resources */ = {
			isa = PBXResourcesBuildPhase;
			buildActionMask = 2147483647;
			files = (
				1803747119DF5A47007A9347 /* InfoPlist.strings in Resources */,
				1803747919DF5A47007A9347 /* Images.xcassets in Resources */,
				7F21C7F319DF9B9500FE41F5 /* 2.png in Resources */,
				7F21C7F519DF9CF600FE41F5 /* 3.png in Resources */,
				7F21C7F119DF997500FE41F5 /* 1.png in Resources */,
			);
			runOnlyForDeploymentPostprocessing = 0;
		};
		1803747C19DF5A47007A9347 /* Resources */ = {
			isa = PBXResourcesBuildPhase;
			buildActionMask = 2147483647;
			files = (
				1803748A19DF5A47007A9347 /* InfoPlist.strings in Resources */,
			);
			runOnlyForDeploymentPostprocessing = 0;
		};
/* End PBXResourcesBuildPhase section */

/* Begin PBXSourcesBuildPhase section */
		1803745F19DF5A47007A9347 /* Sources */ = {
			isa = PBXSourcesBuildPhase;
			buildActionMask = 2147483647;
			files = (
				1803749D19DF5FDB007A9347 /* SecondViewController.m in Sources */,
				1803747719DF5A47007A9347 /* AppDelegate.m in Sources */,
				180374A019DF6252007A9347 /* ThirdViewController.m in Sources */,
				1803747319DF5A47007A9347 /* main.m in Sources */,
				1803749719DF5A9B007A9347 /* RootViewController.m in Sources */,
				1803749A19DF5CA3007A9347 /* FirstViewController.m in Sources */,
			);
			runOnlyForDeploymentPostprocessing = 0;
		};
		1803747A19DF5A47007A9347 /* Sources */ = {
			isa = PBXSourcesBuildPhase;
			buildActionMask = 2147483647;
			files = (
				1803748C19DF5A47007A9347 /* FourthClassTests.m in Sources */,
			);
			runOnlyForDeploymentPostprocessing = 0;
		};
/* End PBXSourcesBuildPhase section */

/* Begin PBXTargetDependency section */
		1803748419DF5A47007A9347 /* PBXTargetDependency */ = {
			isa = PBXTargetDependency;
			target = 1803746219DF5A47007A9347 /* FourthClass */;
			targetProxy = 1803748319DF5A47007A9347 /* PBXContainerItemProxy */;
		};
/* End PBXTargetDependency section */

/* Begin PBXVariantGroup section */
		1803746F19DF5A47007A9347 /* InfoPlist.strings */ = {
			isa = PBXVariantGroup;
			children = (
				1803747019DF5A47007A9347 /* en */,
			);
			name = InfoPlist.strings;
			sourceTree = "<group>";
		};
		1803748819DF5A47007A9347 /* InfoPlist.strings */ = {
			isa = PBXVariantGroup;
			children = (
				1803748919DF5A47007A9347 /* en */,
			);
			name = InfoPlist.strings;
			sourceTree = "<group>";
		};
/* End PBXVariantGroup section */

/* Begin XCBuildConfiguration section */
		1803748D19DF5A47007A9347 /* Debug */ = {
			isa = XCBuildConfiguration;
			buildSettings = {
				ALWAYS_SEARCH_USER_PATHS = NO;
				CLANG_CXX_LANGUAGE_STANDARD = "gnu++0x";
				CLANG_CXX_LIBRARY = "libc++";
				CLANG_ENABLE_MODULES = YES;
				CLANG_ENABLE_OBJC_ARC = YES;
				CLANG_WARN_BOOL_CONVERSION = YES;
				CLANG_WARN_CONSTANT_CONVERSION = YES;
				CLANG_WARN_DIRECT_OBJC_ISA_USAGE = YES_ERROR;
				CLANG_WARN_EMPTY_BODY = YES;
				CLANG_WARN_ENUM_CONVERSION = YES;
				CLANG_WARN_INT_CONVERSION = YES;
				CLANG_WARN_OBJC_ROOT_CLASS = YES_ERROR;
				CLANG_WARN__DUPLICATE_METHOD_MATCH = YES;
				"CODE_SIGN_IDENTITY[sdk=iphoneos*]" = "iPhone Developer";
				COPY_PHASE_STRIP = NO;
				GCC_C_LANGUAGE_STANDARD = gnu99;
				GCC_DYNAMIC_NO_PIC = NO;
				GCC_OPTIMIZATION_LEVEL = 0;
				GCC_PREPROCESSOR_DEFINITIONS = (
					"DEBUG=1",
					"$(inherited)",
				);
				GCC_SYMBOLS_PRIVATE_EXTERN = NO;
				GCC_WARN_64_TO_32_BIT_CONVERSION = YES;
				GCC_WARN_ABOUT_RETURN_TYPE = YES_ERROR;
				GCC_WARN_UNDECLARED_SELECTOR = YES;
				GCC_WARN_UNINITIALIZED_AUTOS = YES_AGGRESSIVE;
				GCC_WARN_UNUSED_FUNCTION = YES;
				GCC_WARN_UNUSED_VARIABLE = YES;
				IPHONEOS_DEPLOYMENT_TARGET = 7.1;
				ONLY_ACTIVE_ARCH = YES;
				SDKROOT = iphoneos;
			};
			name = Debug;
		};
		1803748E19DF5A47007A9347 /* Release */ = {
			isa = XCBuildConfiguration;
			buildSettings = {
				ALWAYS_SEARCH_USER_PATHS = NO;
				CLANG_CXX_LANGUAGE_STANDARD = "gnu++0x";
				CLANG_CXX_LIBRARY = "libc++";
				CLANG_ENABLE_MODULES = YES;
				CLANG_ENABLE_OBJC_ARC = YES;
				CLANG_WARN_BOOL_CONVERSION = YES;
				CLANG_WARN_CONSTANT_CONVERSION = YES;
				CLANG_WARN_DIRECT_OBJC_ISA_USAGE = YES_ERROR;
				CLANG_WARN_EMPTY_BODY = YES;
				CLANG_WARN_ENUM_CONVERSION = YES;
				CLANG_WARN_INT_CONVERSION = YES;
				CLANG_WARN_OBJC_ROOT_CLASS = YES_ERROR;
				CLANG_WARN__DUPLICATE_METHOD_MATCH = YES;
				"CODE_SIGN_IDENTITY[sdk=iphoneos*]" = "iPhone Developer";
				COPY_PHASE_STRIP = YES;
				ENABLE_NS_ASSERTIONS = NO;
				GCC_C_LANGUAGE_STANDARD = gnu99;
				GCC_WARN_64_TO_32_BIT_CONVERSION = YES;
				GCC_WARN_ABOUT_RETURN_TYPE = YES_ERROR;
				GCC_WARN_UNDECLARED_SELECTOR = YES;
				GCC_WARN_UNINITIALIZED_AUTOS = YES_AGGRESSIVE;
				GCC_WARN_UNUSED_FUNCTION = YES;
				GCC_WARN_UNUSED_VARIABLE = YES;
				IPHONEOS_DEPLOYMENT_TARGET = 7.1;
				SDKROOT = iphoneos;
				VALIDATE_PRODUCT = YES;
			};
			name = Release;
		};
		1803749019DF5A47007A9347 /* Debug */ = {
			isa = XCBuildConfiguration;
			buildSettings = {
				ASSETCATALOG_COMPILER_APPICON_NAME = AppIcon;
				ASSETCATALOG_COMPILER_LAUNCHIMAGE_NAME = LaunchImage;
				GCC_PRECOMPILE_PREFIX_HEADER = YES;
				GCC_PREFIX_HEADER = "FourthClass/FourthClass-Prefix.pch";
				INFOPLIST_FILE = "FourthClass/FourthClass-Info.plist";
				PRODUCT_NAME = "$(TARGET_NAME)";
				WRAPPER_EXTENSION = app;
			};
			name = Debug;
		};
		1803749119DF5A47007A9347 /* Release */ = {
			isa = XCBuildConfiguration;
			buildSettings = {
				ASSETCATALOG_COMPILER_APPICON_NAME = AppIcon;
				ASSETCATALOG_COMPILER_LAUNCHIMAGE_NAME = LaunchImage;
				GCC_PRECOMPILE_PREFIX_HEADER = YES;
				GCC_PREFIX_HEADER = "FourthClass/FourthClass-Prefix.pch";
				INFOPLIST_FILE = "FourthClass/FourthClass-Info.plist";
				PRODUCT_NAME = "$(TARGET_NAME)";
				WRAPPER_EXTENSION = app;
			};
			name = Release;
		};
		1803749319DF5A47007A9347 /* Debug */ = {
			isa = XCBuildConfiguration;
			buildSettings = {
				BUNDLE_LOADER = "$(BUILT_PRODUCTS_DIR)/FourthClass.app/FourthClass";
				FRAMEWORK_SEARCH_PATHS = (
					"$(SDKROOT)/Developer/Library/Frameworks",
					"$(inherited)",
					"$(DEVELOPER_FRAMEWORKS_DIR)",
				);
				GCC_PRECOMPILE_PREFIX_HEADER = YES;
				GCC_PREFIX_HEADER = "FourthClass/FourthClass-Prefix.pch";
				GCC_PREPROCESSOR_DEFINITIONS = (
					"DEBUG=1",
					"$(inherited)",
				);
				INFOPLIST_FILE = "FourthClassTests/FourthClassTests-Info.plist";
				PRODUCT_NAME = "$(TARGET_NAME)";
				TEST_HOST = "$(BUNDLE_LOADER)";
				WRAPPER_EXTENSION = xctest;
			};
			name = Debug;
		};
		1803749419DF5A47007A9347 /* Release */ = {
			isa = XCBuildConfiguration;
			buildSettings = {
				BUNDLE_LOADER = "$(BUILT_PRODUCTS_DIR)/FourthClass.app/FourthClass";
				FRAMEWORK_SEARCH_PATHS = (
					"$(SDKROOT)/Developer/Library/Frameworks",
					"$(inherited)",
					"$(DEVELOPER_FRAMEWORKS_DIR)",
				);
				GCC_PRECOMPILE_PREFIX_HEADER = YES;
				GCC_PREFIX_HEADER = "FourthClass/FourthClass-Prefix.pch";
				INFOPLIST_FILE = "FourthClassTests/FourthClassTests-Info.plist";
				PRODUCT_NAME = "$(TARGET_NAME)";
				TEST_HOST = "$(BUNDLE_LOADER)";
				WRAPPER_EXTENSION = xctest;
			};
			name = Release;
		};
/* End XCBuildConfiguration section */

/* Begin XCConfigurationList section */
		1803745E19DF5A47007A9347 /* Build configuration list for PBXProject "FourthClass" */ = {
			isa = XCConfigurationList;
			buildConfigurations = (
				1803748D19DF5A47007A9347 /* Debug */,
				1803748E19DF5A47007A9347 /* Release */,
			);
			defaultConfigurationIsVisible = 0;
			defaultConfigurationName = Release;
		};
		1803748F19DF5A47007A9347 /* Build configuration list for PBXNativeTarget "FourthClass" */ = {
			isa = XCConfigurationList;
			buildConfigurations = (
				1803749019DF5A47007A9347 /* Debug */,
				1803749119DF5A47007A9347 /* Release */,
			);
			defaultConfigurationIsVisible = 0;
			defaultConfigurationName = Release;
		};
		1803749219DF5A47007A9347 /* Build configuration list for PBXNativeTarget "FourthClassTests" */ = {
			isa = XCConfigurationList;
			buildConfigurations = (
				1803749319DF5A47007A9347 /* Debug */,
				1803749419DF5A47007A9347 /* Release */,
			);
			defaultConfigurationIsVisible = 0;
			defaultConfigurationName = Release;
		};
/* End XCConfigurationList section */
	};
	rootObject = 1803745B19DF5A47007A9347 /* Project object */;
}
